// !$*UTF8*$!
{
	archiveVersion = 1;
	classes = {
	};
	objectVersion = 50;
	objects = {

/* Begin PBXBuildFile section */
		1862924F23FA9A28001F1DB3 /* AppDelegate.swift in Sources */ = {isa = PBXBuildFile; fileRef = 1862924E23FA9A28001F1DB3 /* AppDelegate.swift */; };
		1862925123FA9A28001F1DB3 /* SceneDelegate.swift in Sources */ = {isa = PBXBuildFile; fileRef = 1862925023FA9A28001F1DB3 /* SceneDelegate.swift */; };
		1862925323FA9A28001F1DB3 /* ViewController.swift in Sources */ = {isa = PBXBuildFile; fileRef = 1862925223FA9A28001F1DB3 /* ViewController.swift */; };
		1862925623FA9A28001F1DB3 /* Main.storyboard in Resources */ = {isa = PBXBuildFile; fileRef = 1862925423FA9A28001F1DB3 /* Main.storyboard */; };
		1862925823FA9A2B001F1DB3 /* Assets.xcassets in Resources */ = {isa = PBXBuildFile; fileRef = 1862925723FA9A2B001F1DB3 /* Assets.xcassets */; };
		1862925B23FA9A2B001F1DB3 /* LaunchScreen.storyboard in Resources */ = {isa = PBXBuildFile; fileRef = 1862925923FA9A2B001F1DB3 /* LaunchScreen.storyboard */; };
		1862926623FA9A2B001F1DB3 /* tableView_wcTests.swift in Sources */ = {isa = PBXBuildFile; fileRef = 1862926523FA9A2B001F1DB3 /* tableView_wcTests.swift */; };
		1862927123FA9A2B001F1DB3 /* tableView_wcUITests.swift in Sources */ = {isa = PBXBuildFile; fileRef = 1862927023FA9A2B001F1DB3 /* tableView_wcUITests.swift */; };
/* End PBXBuildFile section */

/* Begin PBXContainerItemProxy section */
		1862926223FA9A2B001F1DB3 /* PBXContainerItemProxy */ = {
			isa = PBXContainerItemProxy;
			containerPortal = 1862924323FA9A28001F1DB3 /* Project object */;
			proxyType = 1;
			remoteGlobalIDString = 1862924A23FA9A28001F1DB3;
			remoteInfo = "tableView wc";
		};
		1862926D23FA9A2B001F1DB3 /* PBXContainerItemProxy */ = {
			isa = PBXContainerItemProxy;
			containerPortal = 1862924323FA9A28001F1DB3 /* Project object */;
			proxyType = 1;
			remoteGlobalIDString = 1862924A23FA9A28001F1DB3;
			remoteInfo = "tableView wc";
		};
/* End PBXContainerItemProxy section */

/* Begin PBXFileReference section */
		1862924B23FA9A28001F1DB3 /* tableView wc.app */ = {isa = PBXFileReference; explicitFileType = wrapper.application; includeInIndex = 0; path = "tableView wc.app"; sourceTree = BUILT_PRODUCTS_DIR; };
		1862924E23FA9A28001F1DB3 /* AppDelegate.swift */ = {isa = PBXFileReference; lastKnownFileType = sourcecode.swift; path = AppDelegate.swift; sourceTree = "<group>"; };
		1862925023FA9A28001F1DB3 /* SceneDelegate.swift */ = {isa = PBXFileReference; lastKnownFileType = sourcecode.swift; path = SceneDelegate.swift; sourceTree = "<group>"; };
		1862925223FA9A28001F1DB3 /* ViewController.swift */ = {isa = PBXFileReference; lastKnownFileType = sourcecode.swift; path = ViewController.swift; sourceTree = "<group>"; };
		1862925523FA9A28001F1DB3 /* Base */ = {isa = PBXFileReference; lastKnownFileType = file.storyboard; name = Base; path = Base.lproj/Main.storyboard; sourceTree = "<group>"; };
		1862925723FA9A2B001F1DB3 /* Assets.xcassets */ = {isa = PBXFileReference; lastKnownFileType = folder.assetcatalog; path = Assets.xcassets; sourceTree = "<group>"; };
		1862925A23FA9A2B001F1DB3 /* Base */ = {isa = PBXFileReference; lastKnownFileType = file.storyboard; name = Base; path = Base.lproj/LaunchScreen.storyboard; sourceTree = "<group>"; };
		1862925C23FA9A2B001F1DB3 /* Info.plist */ = {isa = PBXFileReference; lastKnownFileType = text.plist.xml; path = Info.plist; sourceTree = "<group>"; };
		1862926123FA9A2B001F1DB3 /* tableView wcTests.xctest */ = {isa = PBXFileReference; explicitFileType = wrapper.cfbundle; includeInIndex = 0; path = "tableView wcTests.xctest"; sourceTree = BUILT_PRODUCTS_DIR; };
		1862926523FA9A2B001F1DB3 /* tableView_wcTests.swift */ = {isa = PBXFileReference; lastKnownFileType = sourcecode.swift; path = tableView_wcTests.swift; sourceTree = "<group>"; };
		1862926723FA9A2B001F1DB3 /* Info.plist */ = {isa = PBXFileReference; lastKnownFileType = text.plist.xml; path = Info.plist; sourceTree = "<group>"; };
		1862926C23FA9A2B001F1DB3 /* tableView wcUITests.xctest */ = {isa = PBXFileReference; explicitFileType = wrapper.cfbundle; includeInIndex = 0; path = "tableView wcUITests.xctest"; sourceTree = BUILT_PRODUCTS_DIR; };
		1862927023FA9A2B001F1DB3 /* tableView_wcUITests.swift */ = {isa = PBXFileReference; lastKnownFileType = sourcecode.swift; path = tableView_wcUITests.swift; sourceTree = "<group>"; };
		1862927223FA9A2B001F1DB3 /* Info.plist */ = {isa = PBXFileReference; lastKnownFileType = text.plist.xml; path = Info.plist; sourceTree = "<group>"; };
/* End PBXFileReference section */

/* Begin PBXFrameworksBuildPhase section */
		1862924823FA9A28001F1DB3 /* Frameworks */ = {
			isa = PBXFrameworksBuildPhase;
			buildActionMask = 2147483647;
			files = (
			);
			runOnlyForDeploymentPostprocessing = 0;
		};
		1862925E23FA9A2B001F1DB3 /* Frameworks */ = {
			isa = PBXFrameworksBuildPhase;
			buildActionMask = 2147483647;
			files = (
			);
			runOnlyForDeploymentPostprocessing = 0;
		};
		1862926923FA9A2B001F1DB3 /* Frameworks */ = {
			isa = PBXFrameworksBuildPhase;
			buildActionMask = 2147483647;
			files = (
			);
			runOnlyForDeploymentPostprocessing = 0;
		};
/* End PBXFrameworksBuildPhase section */

/* Begin PBXGroup section */
		1862924223FA9A28001F1DB3 = {
			isa = PBXGroup;
			children = (
				1862924D23FA9A28001F1DB3 /* tableView wc */,
				1862926423FA9A2B001F1DB3 /* tableView wcTests */,
				1862926F23FA9A2B001F1DB3 /* tableView wcUITests */,
				1862924C23FA9A28001F1DB3 /* Products */,
			);
			sourceTree = "<group>";
		};
		1862924C23FA9A28001F1DB3 /* Products */ = {
			isa = PBXGroup;
			children = (
				1862924B23FA9A28001F1DB3 /* tableView wc.app */,
				1862926123FA9A2B001F1DB3 /* tableView wcTests.xctest */,
				1862926C23FA9A2B001F1DB3 /* tableView wcUITests.xctest */,
			);
			name = Products;
			sourceTree = "<group>";
		};
		1862924D23FA9A28001F1DB3 /* tableView wc */ = {
			isa = PBXGroup;
			children = (
				1862924E23FA9A28001F1DB3 /* AppDelegate.swift */,
				1862925023FA9A28001F1DB3 /* SceneDelegate.swift */,
				1862925223FA9A28001F1DB3 /* ViewController.swift */,
				1862925423FA9A28001F1DB3 /* Main.storyboard */,
				1862925723FA9A2B001F1DB3 /* Assets.xcassets */,
				1862925923FA9A2B001F1DB3 /* LaunchScreen.storyboard */,
				1862925C23FA9A2B001F1DB3 /* Info.plist */,
			);
			path = "tableView wc";
			sourceTree = "<group>";
		};
		1862926423FA9A2B001F1DB3 /* tableView wcTests */ = {
			isa = PBXGroup;
			children = (
				1862926523FA9A2B001F1DB3 /* tableView_wcTests.swift */,
				1862926723FA9A2B001F1DB3 /* Info.plist */,
			);
			path = "tableView wcTests";
			sourceTree = "<group>";
		};
		1862926F23FA9A2B001F1DB3 /* tableView wcUITests */ = {
			isa = PBXGroup;
			children = (
				1862927023FA9A2B001F1DB3 /* tableView_wcUITests.swift */,
				1862927223FA9A2B001F1DB3 /* Info.plist */,
			);
			path = "tableView wcUITests";
			sourceTree = "<group>";
		};
/* End PBXGroup section */

/* Begin PBXNativeTarget section */
		1862924A23FA9A28001F1DB3 /* tableView wc */ = {
			isa = PBXNativeTarget;
			buildConfigurationList = 1862927523FA9A2B001F1DB3 /* Build configuration list for PBXNativeTarget "tableView wc" */;
			buildPhases = (
				1862924723FA9A28001F1DB3 /* Sources */,
				1862924823FA9A28001F1DB3 /* Frameworks */,
				1862924923FA9A28001F1DB3 /* Resources */,
			);
			buildRules = (
			);
			dependencies = (
			);
			name = "tableView wc";
			productName = "tableView wc";
			productReference = 1862924B23FA9A28001F1DB3 /* tableView wc.app */;
			productType = "com.apple.product-type.application";
		};
		1862926023FA9A2B001F1DB3 /* tableView wcTests */ = {
			isa = PBXNativeTarget;
			buildConfigurationList = 1862927823FA9A2B001F1DB3 /* Build configuration list for PBXNativeTarget "tableView wcTests" */;
			buildPhases = (
				1862925D23FA9A2B001F1DB3 /* Sources */,
				1862925E23FA9A2B001F1DB3 /* Frameworks */,
				1862925F23FA9A2B001F1DB3 /* Resources */,
			);
			buildRules = (
			);
			dependencies = (
				1862926323FA9A2B001F1DB3 /* PBXTargetDependency */,
			);
			name = "tableView wcTests";
			productName = "tableView wcTests";
			productReference = 1862926123FA9A2B001F1DB3 /* tableView wcTests.xctest */;
			productType = "com.apple.product-type.bundle.unit-test";
		};
		1862926B23FA9A2B001F1DB3 /* tableView wcUITests */ = {
			isa = PBXNativeTarget;
			buildConfigurationList = 1862927B23FA9A2B001F1DB3 /* Build configuration list for PBXNativeTarget "tableView wcUITests" */;
			buildPhases = (
				1862926823FA9A2B001F1DB3 /* Sources */,
				1862926923FA9A2B001F1DB3 /* Frameworks */,
				1862926A23FA9A2B001F1DB3 /* Resources */,
			);
			buildRules = (
			);
			dependencies = (
				1862926E23FA9A2B001F1DB3 /* PBXTargetDependency */,
			);
			name = "tableView wcUITests";
			productName = "tableView wcUITests";
			productReference = 1862926C23FA9A2B001F1DB3 /* tableView wcUITests.xctest */;
			productType = "com.apple.product-type.bundle.ui-testing";
		};
/* End PBXNativeTarget section */

/* Begin PBXProject section */
		1862924323FA9A28001F1DB3 /* Project object */ = {
			isa = PBXProject;
			attributes = {
				LastSwiftUpdateCheck = 1130;
				LastUpgradeCheck = 1130;
				ORGANIZATIONNAME = "Apple MacBook Pro";
				TargetAttributes = {
					1862924A23FA9A28001F1DB3 = {
						CreatedOnToolsVersion = 11.3.1;
					};
					1862926023FA9A2B001F1DB3 = {
						CreatedOnToolsVersion = 11.3.1;
						TestTargetID = 1862924A23FA9A28001F1DB3;
					};
					1862926B23FA9A2B001F1DB3 = {
						CreatedOnToolsVersion = 11.3.1;
						TestTargetID = 1862924A23FA9A28001F1DB3;
					};
				};
			};
			buildConfigurationList = 1862924623FA9A28001F1DB3 /* Build configuration list for PBXProject "tableView wc" */;
			compatibilityVersion = "Xcode 9.3";
			developmentRegion = en;
			hasScannedForEncodings = 0;
			knownRegions = (
				en,
				Base,
			);
			mainGroup = 1862924223FA9A28001F1DB3;
			productRefGroup = 1862924C23FA9A28001F1DB3 /* Products */;
			projectDirPath = "";
			projectRoot = "";
			targets = (
				1862924A23FA9A28001F1DB3 /* tableView wc */,
				1862926023FA9A2B001F1DB3 /* tableView wcTests */,
				1862926B23FA9A2B001F1DB3 /* tableView wcUITests */,
			);
		};
/* End PBXProject section */

/* Begin PBXResourcesBuildPhase section */
		1862924923FA9A28001F1DB3 /* Resources */ = {
			isa = PBXResourcesBuildPhase;
			buildActionMask = 2147483647;
			files = (
				1862925B23FA9A2B001F1DB3 /* LaunchScreen.storyboard in Resources */,
				1862925823FA9A2B001F1DB3 /* Assets.xcassets in Resources */,
				1862925623FA9A28001F1DB3 /* Main.storyboard in Resources */,
			);
			runOnlyForDeploymentPostprocessing = 0;
		};
		1862925F23FA9A2B001F1DB3 /* Resources */ = {
			isa = PBXResourcesBuildPhase;
			buildActionMask = 2147483647;
			files = (
			);
			runOnlyForDeploymentPostprocessing = 0;
		};
		1862926A23FA9A2B001F1DB3 /* Resources */ = {
			isa = PBXResourcesBuildPhase;
			buildActionMask = 2147483647;
			files = (
			);
			runOnlyForDeploymentPostprocessing = 0;
		};
/* End PBXResourcesBuildPhase section */

/* Begin PBXSourcesBuildPhase section */
		1862924723FA9A28001F1DB3 /* Sources */ = {
			isa = PBXSourcesBuildPhase;
			buildActionMask = 2147483647;
			files = (
				1862925323FA9A28001F1DB3 /* ViewController.swift in Sources */,
				1862924F23FA9A28001F1DB3 /* AppDelegate.swift in Sources */,
				1862925123FA9A28001F1DB3 /* SceneDelegate.swift in Sources */,
			);
			runOnlyForDeploymentPostprocessing = 0;
		};
		1862925D23FA9A2B001F1DB3 /* Sources */ = {
			isa = PBXSourcesBuildPhase;
			buildActionMask = 2147483647;
			files = (
				1862926623FA9A2B001F1DB3 /* tableView_wcTests.swift in Sources */,
			);
			runOnlyForDeploymentPostprocessing = 0;
		};
		1862926823FA9A2B001F1DB3 /* Sources */ = {
			isa = PBXSourcesBuildPhase;
			buildActionMask = 2147483647;
			files = (
				1862927123FA9A2B001F1DB3 /* tableView_wcUITests.swift in Sources */,
			);
			runOnlyForDeploymentPostprocessing = 0;
		};
/* End PBXSourcesBuildPhase section */

/* Begin PBXTargetDependency section */
		1862926323FA9A2B001F1DB3 /* PBXTargetDependency */ = {
			isa = PBXTargetDependency;
			target = 1862924A23FA9A28001F1DB3 /* tableView wc */;
			targetProxy = 1862926223FA9A2B001F1DB3 /* PBXContainerItemProxy */;
		};
		1862926E23FA9A2B001F1DB3 /* PBXTargetDependency */ = {
			isa = PBXTargetDependency;
			target = 1862924A23FA9A28001F1DB3 /* tableView wc */;
			targetProxy = 1862926D23FA9A2B001F1DB3 /* PBXContainerItemProxy */;
		};
/* End PBXTargetDependency section */

/* Begin PBXVariantGroup section */
		1862925423FA9A28001F1DB3 /* Main.storyboard */ = {
			isa = PBXVariantGroup;
			children = (
				1862925523FA9A28001F1DB3 /* Base */,
			);
			name = Main.storyboard;
			sourceTree = "<group>";
		};
		1862925923FA9A2B001F1DB3 /* LaunchScreen.storyboard */ = {
			isa = PBXVariantGroup;
			children = (
				1862925A23FA9A2B001F1DB3 /* Base */,
			);
			name = LaunchScreen.storyboard;
			sourceTree = "<group>";
		};
/* End PBXVariantGroup section */

/* Begin XCBuildConfiguration section */
		1862927323FA9A2B001F1DB3 /* Debug */ = {
			isa = XCBuildConfiguration;
			buildSettings = {
				ALWAYS_SEARCH_USER_PATHS = NO;
				CLANG_ANALYZER_NONNULL = YES;
				CLANG_ANALYZER_NUMBER_OBJECT_CONVERSION = YES_AGGRESSIVE;
				CLANG_CXX_LANGUAGE_STANDARD = "gnu++14";
				CLANG_CXX_LIBRARY = "libc++";
				CLANG_ENABLE_MODULES = YES;
				CLANG_ENABLE_OBJC_ARC = YES;
				CLANG_ENABLE_OBJC_WEAK = YES;
				CLANG_WARN_BLOCK_CAPTURE_AUTORELEASING = YES;
				CLANG_WARN_BOOL_CONVERSION = YES;
				CLANG_WARN_COMMA = YES;
				CLANG_WARN_CONSTANT_CONVERSION = YES;
				CLANG_WARN_DEPRECATED_OBJC_IMPLEMENTATIONS = YES;
				CLANG_WARN_DIRECT_OBJC_ISA_USAGE = YES_ERROR;
				CLANG_WARN_DOCUMENTATION_COMMENTS = YES;
				CLANG_WARN_EMPTY_BODY = YES;
				CLANG_WARN_ENUM_CONVERSION = YES;
				CLANG_WARN_INFINITE_RECURSION = YES;
				CLANG_WARN_INT_CONVERSION = YES;
				CLANG_WARN_NON_LITERAL_NULL_CONVERSION = YES;
				CLANG_WARN_OBJC_IMPLICIT_RETAIN_SELF = YES;
				CLANG_WARN_OBJC_LITERAL_CONVERSION = YES;
				CLANG_WARN_OBJC_ROOT_CLASS = YES_ERROR;
				CLANG_WARN_RANGE_LOOP_ANALYSIS = YES;
				CLANG_WARN_STRICT_PROTOTYPES = YES;
				CLANG_WARN_SUSPICIOUS_MOVE = YES;
				CLANG_WARN_UNGUARDED_AVAILABILITY = YES_AGGRESSIVE;
				CLANG_WARN_UNREACHABLE_CODE = YES;
				CLANG_WARN__DUPLICATE_METHOD_MATCH = YES;
				COPY_PHASE_STRIP = NO;
				DEBUG_INFORMATION_FORMAT = dwarf;
				ENABLE_STRICT_OBJC_MSGSEND = YES;
				ENABLE_TESTABILITY = YES;
				GCC_C_LANGUAGE_STANDARD = gnu11;
				GCC_DYNAMIC_NO_PIC = NO;
				GCC_NO_COMMON_BLOCKS = YES;
				GCC_OPTIMIZATION_LEVEL = 0;
				GCC_PREPROCESSOR_DEFINITIONS = (
					"DEBUG=1",
					"$(inherited)",
				);
				GCC_WARN_64_TO_32_BIT_CONVERSION = YES;
				GCC_WARN_ABOUT_RETURN_TYPE = YES_ERROR;
				GCC_WARN_UNDECLARED_SELECTOR = YES;
				GCC_WARN_UNINITIALIZED_AUTOS = YES_AGGRESSIVE;
				GCC_WARN_UNUSED_FUNCTION = YES;
				GCC_WARN_UNUSED_VARIABLE = YES;
				IPHONEOS_DEPLOYMENT_TARGET = 13.2;
				MTL_ENABLE_DEBUG_INFO = INCLUDE_SOURCE;
				MTL_FAST_MATH = YES;
				ONLY_ACTIVE_ARCH = YES;
				SDKROOT = iphoneos;
				SWIFT_ACTIVE_COMPILATION_CONDITIONS = DEBUG;
				SWIFT_OPTIMIZATION_LEVEL = "-Onone";
			};
			name = Debug;
		};
		1862927423FA9A2B001F1DB3 /* Release */ = {
			isa = XCBuildConfiguration;
			buildSettings = {
				ALWAYS_SEARCH_USER_PATHS = NO;
				CLANG_ANALYZER_NONNULL = YES;
				CLANG_ANALYZER_NUMBER_OBJECT_CONVERSION = YES_AGGRESSIVE;
				CLANG_CXX_LANGUAGE_STANDARD = "gnu++14";
				CLANG_CXX_LIBRARY = "libc++";
				CLANG_ENABLE_MODULES = YES;
				CLANG_ENABLE_OBJC_ARC = YES;
				CLANG_ENABLE_OBJC_WEAK = YES;
				CLANG_WARN_BLOCK_CAPTURE_AUTORELEASING = YES;
				CLANG_WARN_BOOL_CONVERSION = YES;
				CLANG_WARN_COMMA = YES;
				CLANG_WARN_CONSTANT_CONVERSION = YES;
				CLANG_WARN_DEPRECATED_OBJC_IMPLEMENTATIONS = YES;
				CLANG_WARN_DIRECT_OBJC_ISA_USAGE = YES_ERROR;
				CLANG_WARN_DOCUMENTATION_COMMENTS = YES;
				CLANG_WARN_EMPTY_BODY = YES;
				CLANG_WARN_ENUM_CONVERSION = YES;
				CLANG_WARN_INFINITE_RECURSION = YES;
				CLANG_WARN_INT_CONVERSION = YES;
				CLANG_WARN_NON_LITERAL_NULL_CONVERSION = YES;
				CLANG_WARN_OBJC_IMPLICIT_RETAIN_SELF = YES;
				CLANG_WARN_OBJC_LITERAL_CONVERSION = YES;
				CLANG_WARN_OBJC_ROOT_CLASS = YES_ERROR;
				CLANG_WARN_RANGE_LOOP_ANALYSIS = YES;
				CLANG_WARN_STRICT_PROTOTYPES = YES;
				CLANG_WARN_SUSPICIOUS_MOVE = YES;
				CLANG_WARN_UNGUARDED_AVAILABILITY = YES_AGGRESSIVE;
				CLANG_WARN_UNREACHABLE_CODE = YES;
				CLANG_WARN__DUPLICATE_METHOD_MATCH = YES;
				COPY_PHASE_STRIP = NO;
				DEBUG_INFORMATION_FORMAT = "dwarf-with-dsym";
				ENABLE_NS_ASSERTIONS = NO;
				ENABLE_STRICT_OBJC_MSGSEND = YES;
				GCC_C_LANGUAGE_STANDARD = gnu11;
				GCC_NO_COMMON_BLOCKS = YES;
				GCC_WARN_64_TO_32_BIT_CONVERSION = YES;
				GCC_WARN_ABOUT_RETURN_TYPE = YES_ERROR;
				GCC_WARN_UNDECLARED_SELECTOR = YES;
				GCC_WARN_UNINITIALIZED_AUTOS = YES_AGGRESSIVE;
				GCC_WARN_UNUSED_FUNCTION = YES;
				GCC_WARN_UNUSED_VARIABLE = YES;
				IPHONEOS_DEPLOYMENT_TARGET = 13.2;
				MTL_ENABLE_DEBUG_INFO = NO;
				MTL_FAST_MATH = YES;
				SDKROOT = iphoneos;
				SWIFT_COMPILATION_MODE = wholemodule;
				SWIFT_OPTIMIZATION_LEVEL = "-O";
				VALIDATE_PRODUCT = YES;
			};
			name = Release;
		};
		1862927623FA9A2B001F1DB3 /* Debug */ = {
			isa = XCBuildConfiguration;
			buildSettings = {
				ASSETCATALOG_COMPILER_APPICON_NAME = AppIcon;
				CODE_SIGN_STYLE = Automatic;
				INFOPLIST_FILE = "tableView wc/Info.plist";
				LD_RUNPATH_SEARCH_PATHS = (
					"$(inherited)",
					"@executable_path/Frameworks",
				);
				PRODUCT_BUNDLE_IDENTIFIER = "Abdullah.tableView-wc";
				PRODUCT_NAME = "$(TARGET_NAME)";
				SWIFT_VERSION = 5.0;
				TARGETED_DEVICE_FAMILY = "1,2";
			};
			name = Debug;
		};
		1862927723FA9A2B001F1DB3 /* Release */ = {
			isa = XCBuildConfiguration;
			buildSettings = {
				ASSETCATALOG_COMPILER_APPICON_NAME = AppIcon;
				CODE_SIGN_STYLE = Automatic;
				INFOPLIST_FILE = "tableView wc/Info.plist";
				LD_RUNPATH_SEARCH_PATHS = (
					"$(inherited)",
					"@executable_path/Frameworks",
				);
				PRODUCT_BUNDLE_IDENTIFIER = "Abdullah.tableView-wc";
				PRODUCT_NAME = "$(TARGET_NAME)";
				SWIFT_VERSION = 5.0;
				TARGETED_DEVICE_FAMILY = "1,2";
			};
			name = Release;
		};
		1862927923FA9A2B001F1DB3 /* Debug */ = {
			isa = XCBuildConfiguration;
			buildSettings = {
				ALWAYS_EMBED_SWIFT_STANDARD_LIBRARIES = YES;
				BUNDLE_LOADER = "$(TEST_HOST)";
				CODE_SIGN_STYLE = Automatic;
				INFOPLIST_FILE = "tableView wcTests/Info.plist";
				IPHONEOS_DEPLOYMENT_TARGET = 13.2;
				LD_RUNPATH_SEARCH_PATHS = (
					"$(inherited)",
					"@executable_path/Frameworks",
					"@loader_path/Frameworks",
				);
				PRODUCT_BUNDLE_IDENTIFIER = "Abdullah.tableView-wcTests";
				PRODUCT_NAME = "$(TARGET_NAME)";
				SWIFT_VERSION = 5.0;
				TARGETED_DEVICE_FAMILY = "1,2";
				TEST_HOST = "$(BUILT_PRODUCTS_DIR)/tableView wc.app/tableView wc";
			};
			name = Debug;
		};
		1862927A23FA9A2B001F1DB3 /* Release */ = {
			isa = XCBuildConfiguration;
			buildSettings = {
				ALWAYS_EMBED_SWIFT_STANDARD_LIBRARIES = YES;
				BUNDLE_LOADER = "$(TEST_HOST)";
				CODE_SIGN_STYLE = Automatic;
				INFOPLIST_FILE = "tableView wcTests/Info.plist";
				IPHONEOS_DEPLOYMENT_TARGET = 13.2;
				LD_RUNPATH_SEARCH_PATHS = (
					"$(inherited)",
					"@executable_path/Frameworks",
					"@loader_path/Frameworks",
				);
				PRODUCT_BUNDLE_IDENTIFIER = "Abdullah.tableView-wcTests";
				PRODUCT_NAME = "$(TARGET_NAME)";
				SWIFT_VERSION = 5.0;
				TARGETED_DEVICE_FAMILY = "1,2";
				TEST_HOST = "$(BUILT_PRODUCTS_DIR)/tableView wc.app/tableView wc";
			};
			name = Release;
		};
		1862927C23FA9A2B001F1DB3 /* Debug */ = {
			isa = XCBuildConfiguration;
			buildSettings = {
				ALWAYS_EMBED_SWIFT_STANDARD_LIBRARIES = YES;
				CODE_SIGN_STYLE = Automatic;
				INFOPLIST_FILE = "tableView wcUITests/Info.plist";
				LD_RUNPATH_SEARCH_PATHS = (
					"$(inherited)",
					"@executable_path/Frameworks",
					"@loader_path/Frameworks",
				);
				PRODUCT_BUNDLE_IDENTIFIER = "Abdullah.tableView-wcUITests";
				PRODUCT_NAME = "$(TARGET_NAME)";
				SWIFT_VERSION = 5.0;
				TARGETED_DEVICE_FAMILY = "1,2";
				TEST_TARGET_NAME = "tableView wc";
			};
			name = Debug;
		};
		1862927D23FA9A2B001F1DB3 /* Release */ = {
			isa = XCBuildConfiguration;
			buildSettings = {
				ALWAYS_EMBED_SWIFT_STANDARD_LIBRARIES = YES;
				CODE_SIGN_STYLE = Automatic;
				INFOPLIST_FILE = "tableView wcUITests/Info.plist";
				LD_RUNPATH_SEARCH_PATHS = (
					"$(inherited)",
					"@executable_path/Frameworks",
					"@loader_path/Frameworks",
				);
				PRODUCT_BUNDLE_IDENTIFIER = "Abdullah.tableView-wcUITests";
				PRODUCT_NAME = "$(TARGET_NAME)";
				SWIFT_VERSION = 5.0;
				TARGETED_DEVICE_FAMILY = "1,2";
				TEST_TARGET_NAME = "tableView wc";
			};
			name = Release;
		};
/* End XCBuildConfiguration section */

/* Begin XCConfigurationList section */
		1862924623FA9A28001F1DB3 /* Build configuration list for PBXProject "tableView wc" */ = {
			isa = XCConfigurationList;
			buildConfigurations = (
				1862927323FA9A2B001F1DB3 /* Debug */,
				1862927423FA9A2B001F1DB3 /* Release */,
			);
			defaultConfigurationIsVisible = 0;
			defaultConfigurationName = Release;
		};
		1862927523FA9A2B001F1DB3 /* Build configuration list for PBXNativeTarget "tableView wc" */ = {
			isa = XCConfigurationList;
			buildConfigurations = (
				1862927623FA9A2B001F1DB3 /* Debug */,
				1862927723FA9A2B001F1DB3 /* Release */,
			);
			defaultConfigurationIsVisible = 0;
			defaultConfigurationName = Release;
		};
		1862927823FA9A2B001F1DB3 /* Build configuration list for PBXNativeTarget "tableView wcTests" */ = {
			isa = XCConfigurationList;
			buildConfigurations = (
				1862927923FA9A2B001F1DB3 /* Debug */,
				1862927A23FA9A2B001F1DB3 /* Release */,
			);
			defaultConfigurationIsVisible = 0;
			defaultConfigurationName = Release;
		};
		1862927B23FA9A2B001F1DB3 /* Build configuration list for PBXNativeTarget "tableView wcUITests" */ = {
			isa = XCConfigurationList;
			buildConfigurations = (
				1862927C23FA9A2B001F1DB3 /* Debug */,
				1862927D23FA9A2B001F1DB3 /* Release */,
			);
			defaultConfigurationIsVisible = 0;
			defaultConfigurationName = Release;
		};
/* End XCConfigurationList section */
	};
	rootObject = 1862924323FA9A28001F1DB3 /* Project object */;
}
